# This file is automatically @generated by Cargo.
# It is not intended for manual editing.
version = 3

[[package]]
name = "sp_decrypt"
version = "0.1.0"
dependencies = [
 "sp_lib",
]

[[package]]
name = "sp_encrypt"
version = "0.1.0"
dependencies = [
 "sp_lib",
]

[[package]]
name = "sp_lib"
version = "0.1.0"
